// !$*UTF8*$!
{
	archiveVersion = 1;
	classes = {
	};
	objectVersion = 77;
	objects = {

/* Begin PBXBuildFile section */
		06E1A52A48C669DFEB041CE3 /* main.swift in Sources */ = {isa = PBXBuildFile; fileRef = 6A0B7E39B1EA533F88998DAB /* main.swift */; };
		B9219BE9B88D43C6B90EB559 /* Intents.swift in Sources */ = {isa = PBXBuildFile; fileRef = D0C90BEA72E5D2E575C1D7A8 /* Intents.swift */; };
		D853AD76B9D1CD2F9150C84B /* ReplayUI in Frameworks */ = {isa = PBXBuildFile; productRef = 9B9092830961D1650D356805 /* ReplayUI */; };
		E277210621FC5D58EF38C42F /* AppIcon.icns in Resources */ = {isa = PBXBuildFile; fileRef = B79A9DA6C1B2E066B2F7A871 /* AppIcon.icns */; };
/* End PBXBuildFile section */

/* Begin PBXFileReference section */
		43CD526807DC5C63F4234158 /* replay */ = {isa = PBXFileReference; lastKnownFileType = folder; name = replay; path = .; sourceTree = SOURCE_ROOT; };
		6A0B7E39B1EA533F88998DAB /* main.swift */ = {isa = PBXFileReference; lastKnownFileType = sourcecode.swift; path = main.swift; sourceTree = "<group>"; };
		B79A9DA6C1B2E066B2F7A871 /* AppIcon.icns */ = {isa = PBXFileReference; lastKnownFileType = image.icns; path = AppIcon.icns; sourceTree = "<group>"; };
		D0C90BEA72E5D2E575C1D7A8 /* Intents.swift */ = {isa = PBXFileReference; lastKnownFileType = sourcecode.swift; path = Intents.swift; sourceTree = "<group>"; };
		FDF1C9F9B1889BFFAD0EBB8F /* Replay.app */ = {isa = PBXFileReference; explicitFileType = wrapper.application; includeInIndex = 0; path = Replay.app; sourceTree = BUILT_PRODUCTS_DIR; };
/* End PBXFileReference section */

/* Begin PBXFrameworksBuildPhase section */
		715A52C988904ADCEB010B9E /* Frameworks */ = {
			isa = PBXFrameworksBuildPhase;
			buildActionMask = 2147483647;
			files = (
				D853AD76B9D1CD2F9150C84B /* ReplayUI in Frameworks */,
			);
			runOnlyForDeploymentPostprocessing = 0;
		};
/* End PBXFrameworksBuildPhase section */

/* Begin PBXGroup section */
		037802CDCFB190E7116B0289 = {
			isa = PBXGroup;
			children = (
				E430EDED24A4FC26DB8DAE31 /* Packages */,
				2B2014D947D826A7C5CD6C4D /* Resources */,
				CE9448FFF12E2A2CCCF2CF2F /* Sources */,
				6717E3EB7EBF9130D0403C9C /* Products */,
			);
			sourceTree = "<group>";
		};
		2B2014D947D826A7C5CD6C4D /* Resources */ = {
			isa = PBXGroup;
			children = (
				B79A9DA6C1B2E066B2F7A871 /* AppIcon.icns */,
			);
			path = Resources;
			sourceTree = "<group>";
		};
		6717E3EB7EBF9130D0403C9C /* Products */ = {
			isa = PBXGroup;
			children = (
				FDF1C9F9B1889BFFAD0EBB8F /* Replay.app */,
			);
			name = Products;
			sourceTree = "<group>";
		};
		CE9448FFF12E2A2CCCF2CF2F /* Sources */ = {
			isa = PBXGroup;
			children = (
				F01E2CB810F1382F239DC00C /* ReplayApp */,
			);
			path = Sources;
			sourceTree = "<group>";
		};
		E430EDED24A4FC26DB8DAE31 /* Packages */ = {
			isa = PBXGroup;
			children = (
				43CD526807DC5C63F4234158 /* replay */,
			);
			name = Packages;
			sourceTree = "<group>";
		};
		F01E2CB810F1382F239DC00C /* ReplayApp */ = {
			isa = PBXGroup;
			children = (
				D0C90BEA72E5D2E575C1D7A8 /* Intents.swift */,
				6A0B7E39B1EA533F88998DAB /* main.swift */,
			);
			path = ReplayApp;
			sourceTree = "<group>";
		};
/* End PBXGroup section */

/* Begin PBXNativeTarget section */
		DDE4D40A5AE197EAD8C84176 /* Replay */ = {
			isa = PBXNativeTarget;
			buildConfigurationList = D661E4FA63188629C4F3EF89 /* Build configuration list for PBXNativeTarget "Replay" */;
			buildPhases = (
				E25DD6755185EB59202C7317 /* Sources */,
				7BE6A2DD0082A176B583E8FB /* Resources */,
				715A52C988904ADCEB010B9E /* Frameworks */,
			);
			buildRules = (
			);
			dependencies = (
			);
			name = Replay;
			packageProductDependencies = (
				9B9092830961D1650D356805 /* ReplayUI */,
			);
			productName = Replay;
			productReference = FDF1C9F9B1889BFFAD0EBB8F /* Replay.app */;
			productType = "com.apple.product-type.application";
		};
/* End PBXNativeTarget section */

/* Begin PBXProject section */
		8BB57F614D0C58F57AEC2D1B /* Project object */ = {
			isa = PBXProject;
			attributes = {
				BuildIndependentTargetsInParallel = YES;
				LastUpgradeCheck = 1430;
				TargetAttributes = {
					DDE4D40A5AE197EAD8C84176 = {
						DevelopmentTeam = "";
						ProvisioningStyle = Manual;
					};
				};
			};
			buildConfigurationList = 9C22758C65BB99B35A4FCCC7 /* Build configuration list for PBXProject "Replay" */;
			developmentRegion = en;
			hasScannedForEncodings = 0;
			knownRegions = (
				Base,
				en,
			);
			mainGroup = 037802CDCFB190E7116B0289;
			minimizedProjectReferenceProxies = 1;
			packageReferences = (
				BF962961B8B8F66A34E860F5 /* XCLocalSwiftPackageReference "." */,
			);
			preferredProjectObjectVersion = 77;
			productRefGroup = 6717E3EB7EBF9130D0403C9C /* Products */;
			projectDirPath = "";
			projectRoot = "";
			targets = (
				DDE4D40A5AE197EAD8C84176 /* Replay */,
			);
		};
/* End PBXProject section */

/* Begin PBXResourcesBuildPhase section */
		7BE6A2DD0082A176B583E8FB /* Resources */ = {
			isa = PBXResourcesBuildPhase;
			buildActionMask = 2147483647;
			files = (
				E277210621FC5D58EF38C42F /* AppIcon.icns in Resources */,
			);
			runOnlyForDeploymentPostprocessing = 0;
		};
/* End PBXResourcesBuildPhase section */

/* Begin PBXSourcesBuildPhase section */
		E25DD6755185EB59202C7317 /* Sources */ = {
			isa = PBXSourcesBuildPhase;
			buildActionMask = 2147483647;
			files = (
				B9219BE9B88D43C6B90EB559 /* Intents.swift in Sources */,
				06E1A52A48C669DFEB041CE3 /* main.swift in Sources */,
			);
			runOnlyForDeploymentPostprocessing = 0;
		};
/* End PBXSourcesBuildPhase section */

/* Begin XCBuildConfiguration section */
		10A4C2CA0C70DED514B6321E /* Release */ = {
			isa = XCBuildConfiguration;
			buildSettings = {
				ALWAYS_SEARCH_USER_PATHS = NO;
				CLANG_ANALYZER_NONNULL = YES;
				CLANG_ANALYZER_NUMBER_OBJECT_CONVERSION = YES_AGGRESSIVE;
				CLANG_CXX_LANGUAGE_STANDARD = "gnu++14";
				CLANG_CXX_LIBRARY = "libc++";
				CLANG_ENABLE_MODULES = YES;
				CLANG_ENABLE_OBJC_ARC = YES;
				CLANG_ENABLE_OBJC_WEAK = YES;
				CLANG_WARN_BLOCK_CAPTURE_AUTORELEASING = YES;
				CLANG_WARN_BOOL_CONVERSION = YES;
				CLANG_WARN_COMMA = YES;
				CLANG_WARN_CONSTANT_CONVERSION = YES;
				CLANG_WARN_DEPRECATED_OBJC_IMPLEMENTATIONS = YES;
				CLANG_WARN_DIRECT_OBJC_ISA_USAGE = YES_ERROR;
				CLANG_WARN_DOCUMENTATION_COMMENTS = YES;
				CLANG_WARN_EMPTY_BODY = YES;
				CLANG_WARN_ENUM_CONVERSION = YES;
				CLANG_WARN_INFINITE_RECURSION = YES;
				CLANG_WARN_INT_CONVERSION = YES;
				CLANG_WARN_NON_LITERAL_NULL_CONVERSION = YES;
				CLANG_WARN_OBJC_IMPLICIT_RETAIN_SELF = YES;
				CLANG_WARN_OBJC_LITERAL_CONVERSION = YES;
				CLANG_WARN_OBJC_ROOT_CLASS = YES_ERROR;
				CLANG_WARN_QUOTED_INCLUDE_IN_FRAMEWORK_HEADER = YES;
				CLANG_WARN_RANGE_LOOP_ANALYSIS = YES;
				CLANG_WARN_STRICT_PROTOTYPES = YES;
				CLANG_WARN_SUSPICIOUS_MOVE = YES;
				CLANG_WARN_UNGUARDED_AVAILABILITY = YES_AGGRESSIVE;
				CLANG_WARN_UNREACHABLE_CODE = YES;
				CLANG_WARN__DUPLICATE_METHOD_MATCH = YES;
				COPY_PHASE_STRIP = NO;
				DEBUG_INFORMATION_FORMAT = "dwarf-with-dsym";
				ENABLE_NS_ASSERTIONS = NO;
				ENABLE_STRICT_OBJC_MSGSEND = YES;
				GCC_C_LANGUAGE_STANDARD = gnu11;
				GCC_NO_COMMON_BLOCKS = YES;
				GCC_WARN_64_TO_32_BIT_CONVERSION = YES;
				GCC_WARN_ABOUT_RETURN_TYPE = YES_ERROR;
				GCC_WARN_UNDECLARED_SELECTOR = YES;
				GCC_WARN_UNINITIALIZED_AUTOS = YES_AGGRESSIVE;
				GCC_WARN_UNUSED_FUNCTION = YES;
				GCC_WARN_UNUSED_VARIABLE = YES;
				MACOSX_DEPLOYMENT_TARGET = 14.0;
				MTL_ENABLE_DEBUG_INFO = NO;
				MTL_FAST_MATH = YES;
				PRODUCT_NAME = "$(TARGET_NAME)";
				SDKROOT = macosx;
				SWIFT_COMPILATION_MODE = wholemodule;
				SWIFT_OPTIMIZATION_LEVEL = "-O";
				SWIFT_VERSION = 5.0;
			};
			name = Release;
		};
		7ABF64E7E101172A6AD8F652 /* Release */ = {
			isa = XCBuildConfiguration;
			buildSettings = {
				ASSETCATALOG_COMPILER_APPICON_NAME = AppIcon;
				CODE_SIGN_IDENTITY = "-";
				CODE_SIGN_STYLE = Manual;
				COMBINE_HIDPI_IMAGES = YES;
				CURRENT_PROJECT_VERSION = 0.9.10;
				DEVELOPMENT_TEAM = "";
				ENABLE_APP_INTENTS_METADATA = YES;
				ENABLE_HARDENED_RUNTIME = NO;
				INFOPLIST_FILE = Support/Info.plist;
				LD_RUNPATH_SEARCH_PATHS = (
					"$(inherited)",
					"@executable_path/../Frameworks",
				);
				MARKETING_VERSION = 0.9.10;
				PRODUCT_BUNDLE_IDENTIFIER = app.replay.native;
				PRODUCT_NAME = Replay;
				SDKROOT = macosx;
				SWIFT_VERSION = 6.0;
			};
			name = Release;
		};
		919EE2FFBB1F9418663AA48A /* Debug */ = {
			isa = XCBuildConfiguration;
			buildSettings = {
				ALWAYS_SEARCH_USER_PATHS = NO;
				CLANG_ANALYZER_NONNULL = YES;
				CLANG_ANALYZER_NUMBER_OBJECT_CONVERSION = YES_AGGRESSIVE;
				CLANG_CXX_LANGUAGE_STANDARD = "gnu++14";
				CLANG_CXX_LIBRARY = "libc++";
				CLANG_ENABLE_MODULES = YES;
				CLANG_ENABLE_OBJC_ARC = YES;
				CLANG_ENABLE_OBJC_WEAK = YES;
				CLANG_WARN_BLOCK_CAPTURE_AUTORELEASING = YES;
				CLANG_WARN_BOOL_CONVERSION = YES;
				CLANG_WARN_COMMA = YES;
				CLANG_WARN_CONSTANT_CONVERSION = YES;
				CLANG_WARN_DEPRECATED_OBJC_IMPLEMENTATIONS = YES;
				CLANG_WARN_DIRECT_OBJC_ISA_USAGE = YES_ERROR;
				CLANG_WARN_DOCUMENTATION_COMMENTS = YES;
				CLANG_WARN_EMPTY_BODY = YES;
				CLANG_WARN_ENUM_CONVERSION = YES;
				CLANG_WARN_INFINITE_RECURSION = YES;
				CLANG_WARN_INT_CONVERSION = YES;
				CLANG_WARN_NON_LITERAL_NULL_CONVERSION = YES;
				CLANG_WARN_OBJC_IMPLICIT_RETAIN_SELF = YES;
				CLANG_WARN_OBJC_LITERAL_CONVERSION = YES;
				CLANG_WARN_OBJC_ROOT_CLASS = YES_ERROR;
				CLANG_WARN_QUOTED_INCLUDE_IN_FRAMEWORK_HEADER = YES;
				CLANG_WARN_RANGE_LOOP_ANALYSIS = YES;
				CLANG_WARN_STRICT_PROTOTYPES = YES;
				CLANG_WARN_SUSPICIOUS_MOVE = YES;
				CLANG_WARN_UNGUARDED_AVAILABILITY = YES_AGGRESSIVE;
				CLANG_WARN_UNREACHABLE_CODE = YES;
				CLANG_WARN__DUPLICATE_METHOD_MATCH = YES;
				COPY_PHASE_STRIP = NO;
				DEBUG_INFORMATION_FORMAT = dwarf;
				ENABLE_STRICT_OBJC_MSGSEND = YES;
				ENABLE_TESTABILITY = YES;
				GCC_C_LANGUAGE_STANDARD = gnu11;
				GCC_DYNAMIC_NO_PIC = NO;
				GCC_NO_COMMON_BLOCKS = YES;
				GCC_OPTIMIZATION_LEVEL = 0;
				GCC_PREPROCESSOR_DEFINITIONS = (
					"$(inherited)",
					"DEBUG=1",
				);
				GCC_WARN_64_TO_32_BIT_CONVERSION = YES;
				GCC_WARN_ABOUT_RETURN_TYPE = YES_ERROR;
				GCC_WARN_UNDECLARED_SELECTOR = YES;
				GCC_WARN_UNINITIALIZED_AUTOS = YES_AGGRESSIVE;
				GCC_WARN_UNUSED_FUNCTION = YES;
				GCC_WARN_UNUSED_VARIABLE = YES;
				MACOSX_DEPLOYMENT_TARGET = 14.0;
				MTL_ENABLE_DEBUG_INFO = INCLUDE_SOURCE;
				MTL_FAST_MATH = YES;
				ONLY_ACTIVE_ARCH = YES;
				PRODUCT_NAME = "$(TARGET_NAME)";
				SDKROOT = macosx;
				SWIFT_ACTIVE_COMPILATION_CONDITIONS = DEBUG;
				SWIFT_OPTIMIZATION_LEVEL = "-Onone";
				SWIFT_VERSION = 5.0;
			};
			name = Debug;
		};
		93C10C9143560E5596C1B208 /* Debug */ = {
			isa = XCBuildConfiguration;
			buildSettings = {
				ASSETCATALOG_COMPILER_APPICON_NAME = AppIcon;
				CODE_SIGN_IDENTITY = "-";
				CODE_SIGN_STYLE = Manual;
				COMBINE_HIDPI_IMAGES = YES;
				CURRENT_PROJECT_VERSION = 0.9.10;
				DEVELOPMENT_TEAM = "";
				ENABLE_APP_INTENTS_METADATA = YES;
				ENABLE_HARDENED_RUNTIME = NO;
				INFOPLIST_FILE = Support/Info.plist;
				LD_RUNPATH_SEARCH_PATHS = (
					"$(inherited)",
					"@executable_path/../Frameworks",
				);
				MARKETING_VERSION = 0.9.10;
				PRODUCT_BUNDLE_IDENTIFIER = app.replay.native;
				PRODUCT_NAME = Replay;
				SDKROOT = macosx;
				SWIFT_VERSION = 6.0;
			};
			name = Debug;
		};
/* End XCBuildConfiguration section */

/* Begin XCConfigurationList section */
		9C22758C65BB99B35A4FCCC7 /* Build configuration list for PBXProject "Replay" */ = {
			isa = XCConfigurationList;
			buildConfigurations = (
				919EE2FFBB1F9418663AA48A /* Debug */,
				10A4C2CA0C70DED514B6321E /* Release */,
			);
			defaultConfigurationIsVisible = 0;
			defaultConfigurationName = Debug;
		};
		D661E4FA63188629C4F3EF89 /* Build configuration list for PBXNativeTarget "Replay" */ = {
			isa = XCConfigurationList;
			buildConfigurations = (
				93C10C9143560E5596C1B208 /* Debug */,
				7ABF64E7E101172A6AD8F652 /* Release */,
			);
			defaultConfigurationIsVisible = 0;
			defaultConfigurationName = Debug;
		};
/* End XCConfigurationList section */

/* Begin XCLocalSwiftPackageReference section */
		BF962961B8B8F66A34E860F5 /* XCLocalSwiftPackageReference "." */ = {
			isa = XCLocalSwiftPackageReference;
			relativePath = .;
		};
/* End XCLocalSwiftPackageReference section */

/* Begin XCSwiftPackageProductDependency section */
		9B9092830961D1650D356805 /* ReplayUI */ = {
			isa = XCSwiftPackageProductDependency;
			productName = ReplayUI;
		};
/* End XCSwiftPackageProductDependency section */
	};
	rootObject = 8BB57F614D0C58F57AEC2D1B /* Project object */;
}
